
Microsoft Visual Studio Solution File, Format Version 12.00
# Visual Studio Version 17
VisualStudioVersion = 17.10.34916.146
MinimumVisualStudioVersion = 10.0.40219.1
Project("{FAE04EC0-301F-11D3-BF4B-00C04F79EFBC}") = "HOME", "HOME.csproj", "{6D594E49-82A2-4256-9C67-D128E776496B}"
EndProject
Global
	GlobalSection(SolutionConfigurationPlatforms) = preSolution
		Debug|Any CPU = Debug|Any CPU
		Release|Any CPU = Release|Any CPU
	EndGlobalSection
	GlobalSection(ProjectConfigurationPlatforms) = postSolution
		{6D594E49-82A2-4256-9C67-D128E776496B}.Debug|Any CPU.ActiveCfg = Debug|Any CPU
		{6D594E49-82A2-4256-9C67-D128E776496B}.Debug|Any CPU.Build.0 = Debug|Any CPU
		{6D594E49-82A2-4256-9C67-D128E776496B}.Release|Any CPU.ActiveCfg = Release|Any CPU
		{6D594E49-82A2-4256-9C67-D128E776496B}.Release|Any CPU.Build.0 = Release|Any CPU
	EndGlobalSection
	GlobalSection(SolutionProperties) = preSolution
		HideSolutionNode = FALSE
	EndGlobalSection
	GlobalSection(ExtensibilityGlobals) = postSolution
		SolutionGuid = {5C12248A-370F-40D9-A389-6CFD670D707F}
	EndGlobalSection
EndGlobal
